
Microsoft Visual Studio Solution File, Format Version 12.00
# Visual Studio Version 17
VisualStudioVersion = 17.10.35027.167
MinimumVisualStudioVersion = 10.0.40219.1
Project("{FAE04EC0-301F-11D3-BF4B-00C04F79EFBC}") = "VoThiKieuTien_2122110557_Asp_BanHang", "VoThiKieuTien_2122110557_Asp_BanHang\VoThiKieuTien_2122110557_Asp_BanHang.csproj", "{FB00BC8A-8E9E-4DC1-91BA-CC1EC093D607}"
EndProject
Global
	GlobalSection(SolutionConfigurationPlatforms) = preSolution
		Debug|Any CPU = Debug|Any CPU
		Release|Any CPU = Release|Any CPU
	EndGlobalSection
	GlobalSection(ProjectConfigurationPlatforms) = postSolution
		{FB00BC8A-8E9E-4DC1-91BA-CC1EC093D607}.Debug|Any CPU.ActiveCfg = Debug|Any CPU
		{FB00BC8A-8E9E-4DC1-91BA-CC1EC093D607}.Debug|Any CPU.Build.0 = Debug|Any CPU
		{FB00BC8A-8E9E-4DC1-91BA-CC1EC093D607}.Release|Any CPU.ActiveCfg = Release|Any CPU
		{FB00BC8A-8E9E-4DC1-91BA-CC1EC093D607}.Release|Any CPU.Build.0 = Release|Any CPU
	EndGlobalSection
	GlobalSection(SolutionProperties) = preSolution
		HideSolutionNode = FALSE
	EndGlobalSection
	GlobalSection(ExtensibilityGlobals) = postSolution
		SolutionGuid = {4940815E-549F-4BC4-92F1-536BBE3D2152}
	EndGlobalSection
EndGlobal
